<?xml version="1.0" encoding="utf-8"?>
<Project ToolsVersion="4.0" xmlns="http://schemas.microsoft.com/developer/msbuild/2003">
  <ItemGroup>
    <ClCompile Include="Child.cpp">
      <Filter>source</Filter>
    </ClCompile>
    <ClCompile Include="Collision2D.cpp">
      <Filter>source</Filter>
    </ClCompile>
    <ClCompile Include="Collision2DManager.cpp">
      <Filter>source</Filter>
    </ClCompile>
    <ClCompile Include="CSVReader.cpp">
      <Filter>source</Filter>
    </ClCompile>
    <ClCompile Include="Game.cpp">
      <Filter>source</Filter>
    </ClCompile>
    <ClCompile Include="GameObject.cpp">
      <Filter>source</Filter>
    </ClCompile>
    <ClCompile Include="GameObjectManager.cpp">
      <Filter>source</Filter>
    </ClCompile>
    <ClCompile Include="Input.cpp">
      <Filter>source</Filter>
    </ClCompile>
    <ClCompile Include="IScene.cpp">
      <Filter>source</Filter>
    </ClCompile>
    <ClCompile Include="main.cpp">
      <Filter>source</Filter>
    </ClCompile>
    <ClCompile Include="Map.cpp">
      <Filter>source</Filter>
    </ClCompile>
    <ClCompile Include="MapChipObject.cpp">
      <Filter>source</Filter>
    </ClCompile>
    <ClCompile Include="Particle.cpp">
      <Filter>source</Filter>
    </ClCompile>
    <ClCompile Include="ParticleEmitter.cpp">
      <Filter>source</Filter>
    </ClCompile>
    <ClCompile Include="Player.cpp">
      <Filter>source</Filter>
    </ClCompile>
    <ClCompile Include="ResouceController.cpp">
      <Filter>source</Filter>
    </ClCompile>
    <ClCompile Include="Resource.cpp">
      <Filter>source</Filter>
    </ClCompile>
    <ClCompile Include="SceneManager.cpp">
      <Filter>source</Filter>
    </ClCompile>
    <ClCompile Include="ScreenInformation.cpp">
      <Filter>source</Filter>
    </ClCompile>
    <ClCompile Include="StringHelper.cpp">
      <Filter>source</Filter>
    </ClCompile>
    <ClCompile Include="TestObject.cpp">
      <Filter>source</Filter>
    </ClCompile>
    <ClCompile Include="TestScene.cpp">
      <Filter>source</Filter>
    </ClCompile>
    <ClCompile Include="Transform.cpp">
      <Filter>source</Filter>
    </ClCompile>
    <ClCompile Include="Util.cpp">
      <Filter>source</Filter>
    </ClCompile>
    <ClCompile Include="MapScene.cpp">
      <Filter>source</Filter>
    </ClCompile>
    <ClCompile Include="Cameraman.cpp">
      <Filter>source</Filter>
    </ClCompile>
    <ClCompile Include="Sencer.cpp">
      <Filter>source</Filter>
    </ClCompile>
    <ClCompile Include="Cursol.cpp">
      <Filter>source</Filter>
    </ClCompile>
    <ClCompile Include="Explosion.cpp">
      <Filter>source</Filter>
    </ClCompile>
    <ClCompile Include="AbsTimer.cpp">
      <Filter>source</Filter>
    </ClCompile>
    <ClCompile Include="GameMaster.cpp">
      <Filter>source</Filter>
    </ClCompile>
    <ClCompile Include="StopWatch.cpp">
      <Filter>source</Filter>
    </ClCompile>
    <ClCompile Include="Medal.cpp">
      <Filter>source</Filter>
    </ClCompile>
    <ClCompile Include="GameTime.cpp">
      <Filter>source</Filter>
    </ClCompile>
    <ClCompile Include="RelativeTimer.cpp">
      <Filter>source</Filter>
    </ClCompile>
    <ClCompile Include="ObjectDelayCreater.cpp" />
    <ClCompile Include="ChildSeed.cpp" />
    <ClCompile Include="Kuribo.cpp">
      <Filter>source</Filter>
    </ClCompile>
    <ClCompile Include="Bat.cpp">
      <Filter>source</Filter>
    </ClCompile>
    <ClCompile Include="Teresa.cpp">
      <Filter>source</Filter>
    </ClCompile>
    <ClCompile Include="GameComponent.cpp" />
    <ClCompile Include="TitleScene.cpp" />
  </ItemGroup>
  <ItemGroup>
    <ClInclude Include="ButiMath.h">
      <Filter>header</Filter>
    </ClInclude>
    <ClInclude Include="Child.h">
      <Filter>header</Filter>
    </ClInclude>
    <ClInclude Include="Collision2D.h">
      <Filter>header</Filter>
    </ClInclude>
    <ClInclude Include="Collision2DManager.h">
      <Filter>header</Filter>
    </ClInclude>
    <ClInclude Include="CSVReader.h">
      <Filter>header</Filter>
    </ClInclude>
    <ClInclude Include="Game.h">
      <Filter>header</Filter>
    </ClInclude>
    <ClInclude Include="GameObject.h">
      <Filter>header</Filter>
    </ClInclude>
    <ClInclude Include="GameObjectManager.h">
      <Filter>header</Filter>
    </ClInclude>
    <ClInclude Include="Input.h">
      <Filter>header</Filter>
    </ClInclude>
    <ClInclude Include="IScene.h">
      <Filter>header</Filter>
    </ClInclude>
    <ClInclude Include="Library.h">
      <Filter>header</Filter>
    </ClInclude>
    <ClInclude Include="Map.h">
      <Filter>header</Filter>
    </ClInclude>
    <ClInclude Include="MapChipObject.h">
      <Filter>header</Filter>
    </ClInclude>
    <ClInclude Include="Particle.h">
      <Filter>header</Filter>
    </ClInclude>
    <ClInclude Include="ParticleEmitter.h">
      <Filter>header</Filter>
    </ClInclude>
    <ClInclude Include="Player.h">
      <Filter>header</Filter>
    </ClInclude>
    <ClInclude Include="ResouceController.h">
      <Filter>header</Filter>
    </ClInclude>
    <ClInclude Include="Resource.h">
      <Filter>header</Filter>
    </ClInclude>
    <ClInclude Include="SceneManager.h">
      <Filter>header</Filter>
    </ClInclude>
    <ClInclude Include="ScreenInformation.h">
      <Filter>header</Filter>
    </ClInclude>
    <ClInclude Include="StringHelper.h">
      <Filter>header</Filter>
    </ClInclude>
    <ClInclude Include="TestObject.h">
      <Filter>header</Filter>
    </ClInclude>
    <ClInclude Include="TestScene.h">
      <Filter>header</Filter>
    </ClInclude>
    <ClInclude Include="Transform.h">
      <Filter>header</Filter>
    </ClInclude>
    <ClInclude Include="Util.h">
      <Filter>header</Filter>
    </ClInclude>
    <ClInclude Include="MathInclude.cpp">
      <Filter>source</Filter>
    </ClInclude>
    <ClInclude Include="MapScene.h">
      <Filter>header</Filter>
    </ClInclude>
    <ClInclude Include="Cameraman.h">
      <Filter>header</Filter>
    </ClInclude>
    <ClInclude Include="Sencer.h">
      <Filter>header</Filter>
    </ClInclude>
    <ClInclude Include="Cursol.h">
      <Filter>header</Filter>
    </ClInclude>
    <ClInclude Include="Explosion.h">
      <Filter>header</Filter>
    </ClInclude>
    <ClInclude Include="AbsTimer.h">
      <Filter>header</Filter>
    </ClInclude>
    <ClInclude Include="GameMaster.h">
      <Filter>header</Filter>
    </ClInclude>
    <ClInclude Include="GameTime.h">
      <Filter>header</Filter>
    </ClInclude>
    <ClInclude Include="Medal.h">
      <Filter>header</Filter>
    </ClInclude>
    <ClInclude Include="StopWatch.h">
      <Filter>header</Filter>
    </ClInclude>
    <ClInclude Include="RelativeTimer.h">
      <Filter>header</Filter>
    </ClInclude>
    <ClInclude Include="ObjectDelayCreater.h" />
    <ClInclude Include="ChildSeed.h" />
    <ClInclude Include="Kuribo.h">
      <Filter>header</Filter>
    </ClInclude>
    <ClInclude Include="Bat.h">
      <Filter>header</Filter>
    </ClInclude>
    <ClInclude Include="Teresa.h">
      <Filter>header</Filter>
    </ClInclude>
    <ClInclude Include="GameComponent.h" />
    <ClInclude Include="TitleScene.h" />
  </ItemGroup>
  <ItemGroup>
    <Filter Include="header">
      <UniqueIdentifier>{efaa583f-40bb-42f1-858a-e50eeb2a622e}</UniqueIdentifier>
    </Filter>
    <Filter Include="source">
      <UniqueIdentifier>{1b310c15-f063-4255-bf10-bbb6279615c2}</UniqueIdentifier>
    </Filter>
  </ItemGroup>
</Project>