<?xml version="1.0" encoding="utf-8"?>
<Project ToolsVersion="4.0" xmlns="http://schemas.microsoft.com/developer/msbuild/2003">
  <ItemGroup>
    <ClCompile Include="AbsTimer.cpp" />
    <ClCompile Include="Bat.cpp" />
    <ClCompile Include="BatBullet.cpp" />
    <ClCompile Include="Board.cpp" />
    <ClCompile Include="Boss.cpp" />
    <ClCompile Include="Bullet.cpp" />
    <ClCompile Include="Cameraman.cpp" />
    <ClCompile Include="Child.cpp" />
    <ClCompile Include="ChildSeed.cpp" />
    <ClCompile Include="ClearScene.cpp" />
    <ClCompile Include="Collision2D.cpp" />
    <ClCompile Include="Collision2DManager.cpp" />
    <ClCompile Include="CSVReader.cpp" />
    <ClCompile Include="Cursol.cpp" />
    <ClCompile Include="Explosion.cpp" />
    <ClCompile Include="Game.cpp" />
    <ClCompile Include="GameComponent.cpp" />
    <ClCompile Include="GameMaster.cpp" />
    <ClCompile Include="GameObject.cpp" />
    <ClCompile Include="GameObjectManager.cpp" />
    <ClCompile Include="GameTime.cpp" />
    <ClCompile Include="Input.cpp" />
    <ClCompile Include="IScene.cpp" />
    <ClCompile Include="Kuribo.cpp" />
    <ClCompile Include="KuriboBullet.cpp" />
    <ClCompile Include="main.cpp" />
    <ClCompile Include="Map.cpp" />
    <ClCompile Include="MapChipObject.cpp" />
    <ClCompile Include="MapScene.cpp" />
    <ClCompile Include="Medal.cpp" />
    <ClCompile Include="ObjectDelayCreater.cpp" />
    <ClCompile Include="Player.cpp" />
    <ClCompile Include="Particle.cpp" />
    <ClCompile Include="ParticleEmitter.cpp" />
    <ClCompile Include="RelativeTimer.cpp" />
    <ClCompile Include="ResouceController.cpp" />
    <ClCompile Include="Resource.cpp" />
    <ClCompile Include="SceneManager.cpp" />
    <ClCompile Include="ScreenInformation.cpp" />
    <ClCompile Include="Sencer.cpp" />
    <ClCompile Include="SlideFade.cpp" />
    <ClCompile Include="StopWatch.cpp" />
    <ClCompile Include="StringHelper.cpp" />
    <ClCompile Include="Teresa.cpp" />
    <ClCompile Include="TestObject.cpp" />
    <ClCompile Include="TestScene.cpp" />
    <ClCompile Include="TitleScene.cpp" />
    <ClCompile Include="Transform.cpp" />
    <ClCompile Include="UI.cpp" />
    <ClCompile Include="Util.cpp" />
    <ClCompile Include="RankingLoader.cpp" />
    <ClCompile Include="Image.cpp" />
  </ItemGroup>
  <ItemGroup>
    <ClInclude Include="AbsTimer.h" />
    <ClInclude Include="Bat.h" />
    <ClInclude Include="BatBullet.h" />
    <ClInclude Include="Board.h" />
    <ClInclude Include="Boss.h" />
    <ClInclude Include="Bullet.h" />
    <ClInclude Include="ButiMath.h" />
    <ClInclude Include="Cameraman.h" />
    <ClInclude Include="Child.h" />
    <ClInclude Include="ChildSeed.h" />
    <ClInclude Include="ClearScene.h" />
    <ClInclude Include="Collision2D.h" />
    <ClInclude Include="Collision2DManager.h" />
    <ClInclude Include="CSVReader.h" />
    <ClInclude Include="Cursol.h" />
    <ClInclude Include="Explosion.h" />
    <ClInclude Include="Game.h" />
    <ClInclude Include="GameComponent.h" />
    <ClInclude Include="GameMaster.h" />
    <ClInclude Include="GameObject.h" />
    <ClInclude Include="GameObjectManager.h" />
    <ClInclude Include="GameTime.h" />
    <ClInclude Include="Input.h" />
    <ClInclude Include="IScene.h" />
    <ClInclude Include="Kuribo.h" />
    <ClInclude Include="KuriboBullet.h" />
    <ClInclude Include="Library.h" />
    <ClInclude Include="Map.h" />
    <ClInclude Include="MapChipObject.h" />
    <ClInclude Include="MapScene.h" />
    <ClInclude Include="MathInclude.cpp" />
    <ClInclude Include="Medal.h" />
    <ClInclude Include="ObjectDelayCreater.h" />
    <ClInclude Include="MoveHistory.h" />
    <ClInclude Include="Player.h" />
    <ClInclude Include="Particle.h" />
    <ClInclude Include="ParticleEmitter.h" />
    <ClInclude Include="RelativeTimer.h" />
    <ClInclude Include="ResouceController.h" />
    <ClInclude Include="Resource.h" />
    <ClInclude Include="SceneManager.h" />
    <ClInclude Include="ScreenInformation.h" />
    <ClInclude Include="Sencer.h" />
    <ClInclude Include="SlideFade.h" />
    <ClInclude Include="StopWatch.h" />
    <ClInclude Include="StringHelper.h" />
    <ClInclude Include="Teresa.h" />
    <ClInclude Include="TestObject.h" />
    <ClInclude Include="TestScene.h" />
    <ClInclude Include="TitleScene.h" />
    <ClInclude Include="Transform.h" />
    <ClInclude Include="UI.h" />
    <ClInclude Include="Util.h" />
    <ClInclude Include="RankingLoader.h" />
    <ClInclude Include="Image.h" />
  </ItemGroup>
</Project>